
Microsoft Visual Studio Solution File, Format Version 12.00
# Visual Studio Version 16
VisualStudioVersion = 16.0.30907.101
MinimumVisualStudioVersion = 10.0.40219.1
Project("{FAE04EC0-301F-11D3-BF4B-00C04F79EFBC}") = "SBBD", "SBBD\SBBD.csproj", "{811C9A16-C096-4555-B69A-4EAE1BAC1030}"
EndProject
Global
	GlobalSection(SolutionConfigurationPlatforms) = preSolution
		Debug|Any CPU = Debug|Any CPU
		Release|Any CPU = Release|Any CPU
	EndGlobalSection
	GlobalSection(ProjectConfigurationPlatforms) = postSolution
		{811C9A16-C096-4555-B69A-4EAE1BAC1030}.Debug|Any CPU.ActiveCfg = Debug|Any CPU
		{811C9A16-C096-4555-B69A-4EAE1BAC1030}.Debug|Any CPU.Build.0 = Debug|Any CPU
		{811C9A16-C096-4555-B69A-4EAE1BAC1030}.Release|Any CPU.ActiveCfg = Release|Any CPU
		{811C9A16-C096-4555-B69A-4EAE1BAC1030}.Release|Any CPU.Build.0 = Release|Any CPU
	EndGlobalSection
	GlobalSection(SolutionProperties) = preSolution
		HideSolutionNode = FALSE
	EndGlobalSection
	GlobalSection(ExtensibilityGlobals) = postSolution
		SolutionGuid = {A90FD875-E834-41B2-8B01-B40E267588C3}
	EndGlobalSection
EndGlobal
